// !$*UTF8*$!
{
	archiveVersion = 1;
	classes = {
	};
	objectVersion = 50;
	objects = {

/* Begin PBXBuildFile section */
		A13315D725767EFC002DA1A3 /* AppDelegate.swift in Sources */ = {isa = PBXBuildFile; fileRef = A13315D625767EFC002DA1A3 /* AppDelegate.swift */; };
		A13315D925767EFC002DA1A3 /* SceneDelegate.swift in Sources */ = {isa = PBXBuildFile; fileRef = A13315D825767EFC002DA1A3 /* SceneDelegate.swift */; };
		A13315DB25767EFC002DA1A3 /* ViewController.swift in Sources */ = {isa = PBXBuildFile; fileRef = A13315DA25767EFC002DA1A3 /* ViewController.swift */; };
		A13315DE25767EFC002DA1A3 /* Main.storyboard in Resources */ = {isa = PBXBuildFile; fileRef = A13315DC25767EFC002DA1A3 /* Main.storyboard */; };
		A13315E125767EFC002DA1A3 /* ButterflyOrders.xcdatamodeld in Sources */ = {isa = PBXBuildFile; fileRef = A13315DF25767EFC002DA1A3 /* ButterflyOrders.xcdatamodeld */; };
		A13315E325767EFE002DA1A3 /* Assets.xcassets in Resources */ = {isa = PBXBuildFile; fileRef = A13315E225767EFE002DA1A3 /* Assets.xcassets */; };
		A13315E625767EFE002DA1A3 /* LaunchScreen.storyboard in Resources */ = {isa = PBXBuildFile; fileRef = A13315E425767EFE002DA1A3 /* LaunchScreen.storyboard */; };
		A13315F125767EFE002DA1A3 /* ButterflyOrdersTests.swift in Sources */ = {isa = PBXBuildFile; fileRef = A13315F025767EFE002DA1A3 /* ButterflyOrdersTests.swift */; };
		A13315FC25767EFE002DA1A3 /* ButterflyOrdersUITests.swift in Sources */ = {isa = PBXBuildFile; fileRef = A13315FB25767EFE002DA1A3 /* ButterflyOrdersUITests.swift */; };
/* End PBXBuildFile section */

/* Begin PBXContainerItemProxy section */
		A13315ED25767EFE002DA1A3 /* PBXContainerItemProxy */ = {
			isa = PBXContainerItemProxy;
			containerPortal = A13315CB25767EFC002DA1A3 /* Project object */;
			proxyType = 1;
			remoteGlobalIDString = A13315D225767EFC002DA1A3;
			remoteInfo = ButterflyOrders;
		};
		A13315F825767EFE002DA1A3 /* PBXContainerItemProxy */ = {
			isa = PBXContainerItemProxy;
			containerPortal = A13315CB25767EFC002DA1A3 /* Project object */;
			proxyType = 1;
			remoteGlobalIDString = A13315D225767EFC002DA1A3;
			remoteInfo = ButterflyOrders;
		};
/* End PBXContainerItemProxy section */

/* Begin PBXFileReference section */
		A13315D325767EFC002DA1A3 /* ButterflyOrders.app */ = {isa = PBXFileReference; explicitFileType = wrapper.application; includeInIndex = 0; path = ButterflyOrders.app; sourceTree = BUILT_PRODUCTS_DIR; };
		A13315D625767EFC002DA1A3 /* AppDelegate.swift */ = {isa = PBXFileReference; lastKnownFileType = sourcecode.swift; path = AppDelegate.swift; sourceTree = "<group>"; };
		A13315D825767EFC002DA1A3 /* SceneDelegate.swift */ = {isa = PBXFileReference; lastKnownFileType = sourcecode.swift; path = SceneDelegate.swift; sourceTree = "<group>"; };
		A13315DA25767EFC002DA1A3 /* ViewController.swift */ = {isa = PBXFileReference; lastKnownFileType = sourcecode.swift; path = ViewController.swift; sourceTree = "<group>"; };
		A13315DD25767EFC002DA1A3 /* Base */ = {isa = PBXFileReference; lastKnownFileType = file.storyboard; name = Base; path = Base.lproj/Main.storyboard; sourceTree = "<group>"; };
		A13315E025767EFC002DA1A3 /* ButterflyOrders.xcdatamodel */ = {isa = PBXFileReference; lastKnownFileType = wrapper.xcdatamodel; path = ButterflyOrders.xcdatamodel; sourceTree = "<group>"; };
		A13315E225767EFE002DA1A3 /* Assets.xcassets */ = {isa = PBXFileReference; lastKnownFileType = folder.assetcatalog; path = Assets.xcassets; sourceTree = "<group>"; };
		A13315E525767EFE002DA1A3 /* Base */ = {isa = PBXFileReference; lastKnownFileType = file.storyboard; name = Base; path = Base.lproj/LaunchScreen.storyboard; sourceTree = "<group>"; };
		A13315E725767EFE002DA1A3 /* Info.plist */ = {isa = PBXFileReference; lastKnownFileType = text.plist.xml; path = Info.plist; sourceTree = "<group>"; };
		A13315EC25767EFE002DA1A3 /* ButterflyOrdersTests.xctest */ = {isa = PBXFileReference; explicitFileType = wrapper.cfbundle; includeInIndex = 0; path = ButterflyOrdersTests.xctest; sourceTree = BUILT_PRODUCTS_DIR; };
		A13315F025767EFE002DA1A3 /* ButterflyOrdersTests.swift */ = {isa = PBXFileReference; lastKnownFileType = sourcecode.swift; path = ButterflyOrdersTests.swift; sourceTree = "<group>"; };
		A13315F225767EFE002DA1A3 /* Info.plist */ = {isa = PBXFileReference; lastKnownFileType = text.plist.xml; path = Info.plist; sourceTree = "<group>"; };
		A13315F725767EFE002DA1A3 /* ButterflyOrdersUITests.xctest */ = {isa = PBXFileReference; explicitFileType = wrapper.cfbundle; includeInIndex = 0; path = ButterflyOrdersUITests.xctest; sourceTree = BUILT_PRODUCTS_DIR; };
		A13315FB25767EFE002DA1A3 /* ButterflyOrdersUITests.swift */ = {isa = PBXFileReference; lastKnownFileType = sourcecode.swift; path = ButterflyOrdersUITests.swift; sourceTree = "<group>"; };
		A13315FD25767EFE002DA1A3 /* Info.plist */ = {isa = PBXFileReference; lastKnownFileType = text.plist.xml; path = Info.plist; sourceTree = "<group>"; };
/* End PBXFileReference section */

/* Begin PBXFrameworksBuildPhase section */
		A13315D025767EFC002DA1A3 /* Frameworks */ = {
			isa = PBXFrameworksBuildPhase;
			buildActionMask = 2147483647;
			files = (
			);
			runOnlyForDeploymentPostprocessing = 0;
		};
		A13315E925767EFE002DA1A3 /* Frameworks */ = {
			isa = PBXFrameworksBuildPhase;
			buildActionMask = 2147483647;
			files = (
			);
			runOnlyForDeploymentPostprocessing = 0;
		};
		A13315F425767EFE002DA1A3 /* Frameworks */ = {
			isa = PBXFrameworksBuildPhase;
			buildActionMask = 2147483647;
			files = (
			);
			runOnlyForDeploymentPostprocessing = 0;
		};
/* End PBXFrameworksBuildPhase section */

/* Begin PBXGroup section */
		A13315CA25767EFC002DA1A3 = {
			isa = PBXGroup;
			children = (
				A13315D525767EFC002DA1A3 /* ButterflyOrders */,
				A13315EF25767EFE002DA1A3 /* ButterflyOrdersTests */,
				A13315FA25767EFE002DA1A3 /* ButterflyOrdersUITests */,
				A13315D425767EFC002DA1A3 /* Products */,
			);
			sourceTree = "<group>";
		};
		A13315D425767EFC002DA1A3 /* Products */ = {
			isa = PBXGroup;
			children = (
				A13315D325767EFC002DA1A3 /* ButterflyOrders.app */,
				A13315EC25767EFE002DA1A3 /* ButterflyOrdersTests.xctest */,
				A13315F725767EFE002DA1A3 /* ButterflyOrdersUITests.xctest */,
			);
			name = Products;
			sourceTree = "<group>";
		};
		A13315D525767EFC002DA1A3 /* ButterflyOrders */ = {
			isa = PBXGroup;
			children = (
				A13315D625767EFC002DA1A3 /* AppDelegate.swift */,
				A13315D825767EFC002DA1A3 /* SceneDelegate.swift */,
				A13315DA25767EFC002DA1A3 /* ViewController.swift */,
				A13315DC25767EFC002DA1A3 /* Main.storyboard */,
				A13315E225767EFE002DA1A3 /* Assets.xcassets */,
				A13315E425767EFE002DA1A3 /* LaunchScreen.storyboard */,
				A13315E725767EFE002DA1A3 /* Info.plist */,
				A13315DF25767EFC002DA1A3 /* ButterflyOrders.xcdatamodeld */,
			);
			path = ButterflyOrders;
			sourceTree = "<group>";
		};
		A13315EF25767EFE002DA1A3 /* ButterflyOrdersTests */ = {
			isa = PBXGroup;
			children = (
				A13315F025767EFE002DA1A3 /* ButterflyOrdersTests.swift */,
				A13315F225767EFE002DA1A3 /* Info.plist */,
			);
			path = ButterflyOrdersTests;
			sourceTree = "<group>";
		};
		A13315FA25767EFE002DA1A3 /* ButterflyOrdersUITests */ = {
			isa = PBXGroup;
			children = (
				A13315FB25767EFE002DA1A3 /* ButterflyOrdersUITests.swift */,
				A13315FD25767EFE002DA1A3 /* Info.plist */,
			);
			path = ButterflyOrdersUITests;
			sourceTree = "<group>";
		};
/* End PBXGroup section */

/* Begin PBXNativeTarget section */
		A13315D225767EFC002DA1A3 /* ButterflyOrders */ = {
			isa = PBXNativeTarget;
			buildConfigurationList = A133160025767EFE002DA1A3 /* Build configuration list for PBXNativeTarget "ButterflyOrders" */;
			buildPhases = (
				A13315CF25767EFC002DA1A3 /* Sources */,
				A13315D025767EFC002DA1A3 /* Frameworks */,
				A13315D125767EFC002DA1A3 /* Resources */,
			);
			buildRules = (
			);
			dependencies = (
			);
			name = ButterflyOrders;
			productName = ButterflyOrders;
			productReference = A13315D325767EFC002DA1A3 /* ButterflyOrders.app */;
			productType = "com.apple.product-type.application";
		};
		A13315EB25767EFE002DA1A3 /* ButterflyOrdersTests */ = {
			isa = PBXNativeTarget;
			buildConfigurationList = A133160325767EFE002DA1A3 /* Build configuration list for PBXNativeTarget "ButterflyOrdersTests" */;
			buildPhases = (
				A13315E825767EFE002DA1A3 /* Sources */,
				A13315E925767EFE002DA1A3 /* Frameworks */,
				A13315EA25767EFE002DA1A3 /* Resources */,
			);
			buildRules = (
			);
			dependencies = (
				A13315EE25767EFE002DA1A3 /* PBXTargetDependency */,
			);
			name = ButterflyOrdersTests;
			productName = ButterflyOrdersTests;
			productReference = A13315EC25767EFE002DA1A3 /* ButterflyOrdersTests.xctest */;
			productType = "com.apple.product-type.bundle.unit-test";
		};
		A13315F625767EFE002DA1A3 /* ButterflyOrdersUITests */ = {
			isa = PBXNativeTarget;
			buildConfigurationList = A133160625767EFE002DA1A3 /* Build configuration list for PBXNativeTarget "ButterflyOrdersUITests" */;
			buildPhases = (
				A13315F325767EFE002DA1A3 /* Sources */,
				A13315F425767EFE002DA1A3 /* Frameworks */,
				A13315F525767EFE002DA1A3 /* Resources */,
			);
			buildRules = (
			);
			dependencies = (
				A13315F925767EFE002DA1A3 /* PBXTargetDependency */,
			);
			name = ButterflyOrdersUITests;
			productName = ButterflyOrdersUITests;
			productReference = A13315F725767EFE002DA1A3 /* ButterflyOrdersUITests.xctest */;
			productType = "com.apple.product-type.bundle.ui-testing";
		};
/* End PBXNativeTarget section */

/* Begin PBXProject section */
		A13315CB25767EFC002DA1A3 /* Project object */ = {
			isa = PBXProject;
			attributes = {
				LastSwiftUpdateCheck = 1220;
				LastUpgradeCheck = 1220;
				TargetAttributes = {
					A13315D225767EFC002DA1A3 = {
						CreatedOnToolsVersion = 12.2;
					};
					A13315EB25767EFE002DA1A3 = {
						CreatedOnToolsVersion = 12.2;
						TestTargetID = A13315D225767EFC002DA1A3;
					};
					A13315F625767EFE002DA1A3 = {
						CreatedOnToolsVersion = 12.2;
						TestTargetID = A13315D225767EFC002DA1A3;
					};
				};
			};
			buildConfigurationList = A13315CE25767EFC002DA1A3 /* Build configuration list for PBXProject "ButterflyOrders" */;
			compatibilityVersion = "Xcode 9.3";
			developmentRegion = en;
			hasScannedForEncodings = 0;
			knownRegions = (
				en,
				Base,
			);
			mainGroup = A13315CA25767EFC002DA1A3;
			productRefGroup = A13315D425767EFC002DA1A3 /* Products */;
			projectDirPath = "";
			projectRoot = "";
			targets = (
				A13315D225767EFC002DA1A3 /* ButterflyOrders */,
				A13315EB25767EFE002DA1A3 /* ButterflyOrdersTests */,
				A13315F625767EFE002DA1A3 /* ButterflyOrdersUITests */,
			);
		};
/* End PBXProject section */

/* Begin PBXResourcesBuildPhase section */
		A13315D125767EFC002DA1A3 /* Resources */ = {
			isa = PBXResourcesBuildPhase;
			buildActionMask = 2147483647;
			files = (
				A13315E625767EFE002DA1A3 /* LaunchScreen.storyboard in Resources */,
				A13315E325767EFE002DA1A3 /* Assets.xcassets in Resources */,
				A13315DE25767EFC002DA1A3 /* Main.storyboard in Resources */,
			);
			runOnlyForDeploymentPostprocessing = 0;
		};
		A13315EA25767EFE002DA1A3 /* Resources */ = {
			isa = PBXResourcesBuildPhase;
			buildActionMask = 2147483647;
			files = (
			);
			runOnlyForDeploymentPostprocessing = 0;
		};
		A13315F525767EFE002DA1A3 /* Resources */ = {
			isa = PBXResourcesBuildPhase;
			buildActionMask = 2147483647;
			files = (
			);
			runOnlyForDeploymentPostprocessing = 0;
		};
/* End PBXResourcesBuildPhase section */

/* Begin PBXSourcesBuildPhase section */
		A13315CF25767EFC002DA1A3 /* Sources */ = {
			isa = PBXSourcesBuildPhase;
			buildActionMask = 2147483647;
			files = (
				A13315E125767EFC002DA1A3 /* ButterflyOrders.xcdatamodeld in Sources */,
				A13315DB25767EFC002DA1A3 /* ViewController.swift in Sources */,
				A13315D725767EFC002DA1A3 /* AppDelegate.swift in Sources */,
				A13315D925767EFC002DA1A3 /* SceneDelegate.swift in Sources */,
			);
			runOnlyForDeploymentPostprocessing = 0;
		};
		A13315E825767EFE002DA1A3 /* Sources */ = {
			isa = PBXSourcesBuildPhase;
			buildActionMask = 2147483647;
			files = (
				A13315F125767EFE002DA1A3 /* ButterflyOrdersTests.swift in Sources */,
			);
			runOnlyForDeploymentPostprocessing = 0;
		};
		A13315F325767EFE002DA1A3 /* Sources */ = {
			isa = PBXSourcesBuildPhase;
			buildActionMask = 2147483647;
			files = (
				A13315FC25767EFE002DA1A3 /* ButterflyOrdersUITests.swift in Sources */,
			);
			runOnlyForDeploymentPostprocessing = 0;
		};
/* End PBXSourcesBuildPhase section */

/* Begin PBXTargetDependency section */
		A13315EE25767EFE002DA1A3 /* PBXTargetDependency */ = {
			isa = PBXTargetDependency;
			target = A13315D225767EFC002DA1A3 /* ButterflyOrders */;
			targetProxy = A13315ED25767EFE002DA1A3 /* PBXContainerItemProxy */;
		};
		A13315F925767EFE002DA1A3 /* PBXTargetDependency */ = {
			isa = PBXTargetDependency;
			target = A13315D225767EFC002DA1A3 /* ButterflyOrders */;
			targetProxy = A13315F825767EFE002DA1A3 /* PBXContainerItemProxy */;
		};
/* End PBXTargetDependency section */

/* Begin PBXVariantGroup section */
		A13315DC25767EFC002DA1A3 /* Main.storyboard */ = {
			isa = PBXVariantGroup;
			children = (
				A13315DD25767EFC002DA1A3 /* Base */,
			);
			name = Main.storyboard;
			sourceTree = "<group>";
		};
		A13315E425767EFE002DA1A3 /* LaunchScreen.storyboard */ = {
			isa = PBXVariantGroup;
			children = (
				A13315E525767EFE002DA1A3 /* Base */,
			);
			name = LaunchScreen.storyboard;
			sourceTree = "<group>";
		};
/* End PBXVariantGroup section */

/* Begin XCBuildConfiguration section */
		A13315FE25767EFE002DA1A3 /* Debug */ = {
			isa = XCBuildConfiguration;
			buildSettings = {
				ALWAYS_SEARCH_USER_PATHS = NO;
				CLANG_ANALYZER_NONNULL = YES;
				CLANG_ANALYZER_NUMBER_OBJECT_CONVERSION = YES_AGGRESSIVE;
				CLANG_CXX_LANGUAGE_STANDARD = "gnu++14";
				CLANG_CXX_LIBRARY = "libc++";
				CLANG_ENABLE_MODULES = YES;
				CLANG_ENABLE_OBJC_ARC = YES;
				CLANG_ENABLE_OBJC_WEAK = YES;
				CLANG_WARN_BLOCK_CAPTURE_AUTORELEASING = YES;
				CLANG_WARN_BOOL_CONVERSION = YES;
				CLANG_WARN_COMMA = YES;
				CLANG_WARN_CONSTANT_CONVERSION = YES;
				CLANG_WARN_DEPRECATED_OBJC_IMPLEMENTATIONS = YES;
				CLANG_WARN_DIRECT_OBJC_ISA_USAGE = YES_ERROR;
				CLANG_WARN_DOCUMENTATION_COMMENTS = YES;
				CLANG_WARN_EMPTY_BODY = YES;
				CLANG_WARN_ENUM_CONVERSION = YES;
				CLANG_WARN_INFINITE_RECURSION = YES;
				CLANG_WARN_INT_CONVERSION = YES;
				CLANG_WARN_NON_LITERAL_NULL_CONVERSION = YES;
				CLANG_WARN_OBJC_IMPLICIT_RETAIN_SELF = YES;
				CLANG_WARN_OBJC_LITERAL_CONVERSION = YES;
				CLANG_WARN_OBJC_ROOT_CLASS = YES_ERROR;
				CLANG_WARN_QUOTED_INCLUDE_IN_FRAMEWORK_HEADER = YES;
				CLANG_WARN_RANGE_LOOP_ANALYSIS = YES;
				CLANG_WARN_STRICT_PROTOTYPES = YES;
				CLANG_WARN_SUSPICIOUS_MOVE = YES;
				CLANG_WARN_UNGUARDED_AVAILABILITY = YES_AGGRESSIVE;
				CLANG_WARN_UNREACHABLE_CODE = YES;
				CLANG_WARN__DUPLICATE_METHOD_MATCH = YES;
				COPY_PHASE_STRIP = NO;
				DEBUG_INFORMATION_FORMAT = dwarf;
				ENABLE_STRICT_OBJC_MSGSEND = YES;
				ENABLE_TESTABILITY = YES;
				GCC_C_LANGUAGE_STANDARD = gnu11;
				GCC_DYNAMIC_NO_PIC = NO;
				GCC_NO_COMMON_BLOCKS = YES;
				GCC_OPTIMIZATION_LEVEL = 0;
				GCC_PREPROCESSOR_DEFINITIONS = (
					"DEBUG=1",
					"$(inherited)",
				);
				GCC_WARN_64_TO_32_BIT_CONVERSION = YES;
				GCC_WARN_ABOUT_RETURN_TYPE = YES_ERROR;
				GCC_WARN_UNDECLARED_SELECTOR = YES;
				GCC_WARN_UNINITIALIZED_AUTOS = YES_AGGRESSIVE;
				GCC_WARN_UNUSED_FUNCTION = YES;
				GCC_WARN_UNUSED_VARIABLE = YES;
				IPHONEOS_DEPLOYMENT_TARGET = 14.2;
				MTL_ENABLE_DEBUG_INFO = INCLUDE_SOURCE;
				MTL_FAST_MATH = YES;
				ONLY_ACTIVE_ARCH = YES;
				SDKROOT = iphoneos;
				SWIFT_ACTIVE_COMPILATION_CONDITIONS = DEBUG;
				SWIFT_OPTIMIZATION_LEVEL = "-Onone";
			};
			name = Debug;
		};
		A13315FF25767EFE002DA1A3 /* Release */ = {
			isa = XCBuildConfiguration;
			buildSettings = {
				ALWAYS_SEARCH_USER_PATHS = NO;
				CLANG_ANALYZER_NONNULL = YES;
				CLANG_ANALYZER_NUMBER_OBJECT_CONVERSION = YES_AGGRESSIVE;
				CLANG_CXX_LANGUAGE_STANDARD = "gnu++14";
				CLANG_CXX_LIBRARY = "libc++";
				CLANG_ENABLE_MODULES = YES;
				CLANG_ENABLE_OBJC_ARC = YES;
				CLANG_ENABLE_OBJC_WEAK = YES;
				CLANG_WARN_BLOCK_CAPTURE_AUTORELEASING = YES;
				CLANG_WARN_BOOL_CONVERSION = YES;
				CLANG_WARN_COMMA = YES;
				CLANG_WARN_CONSTANT_CONVERSION = YES;
				CLANG_WARN_DEPRECATED_OBJC_IMPLEMENTATIONS = YES;
				CLANG_WARN_DIRECT_OBJC_ISA_USAGE = YES_ERROR;
				CLANG_WARN_DOCUMENTATION_COMMENTS = YES;
				CLANG_WARN_EMPTY_BODY = YES;
				CLANG_WARN_ENUM_CONVERSION = YES;
				CLANG_WARN_INFINITE_RECURSION = YES;
				CLANG_WARN_INT_CONVERSION = YES;
				CLANG_WARN_NON_LITERAL_NULL_CONVERSION = YES;
				CLANG_WARN_OBJC_IMPLICIT_RETAIN_SELF = YES;
				CLANG_WARN_OBJC_LITERAL_CONVERSION = YES;
				CLANG_WARN_OBJC_ROOT_CLASS = YES_ERROR;
				CLANG_WARN_QUOTED_INCLUDE_IN_FRAMEWORK_HEADER = YES;
				CLANG_WARN_RANGE_LOOP_ANALYSIS = YES;
				CLANG_WARN_STRICT_PROTOTYPES = YES;
				CLANG_WARN_SUSPICIOUS_MOVE = YES;
				CLANG_WARN_UNGUARDED_AVAILABILITY = YES_AGGRESSIVE;
				CLANG_WARN_UNREACHABLE_CODE = YES;
				CLANG_WARN__DUPLICATE_METHOD_MATCH = YES;
				COPY_PHASE_STRIP = NO;
				DEBUG_INFORMATION_FORMAT = "dwarf-with-dsym";
				ENABLE_NS_ASSERTIONS = NO;
				ENABLE_STRICT_OBJC_MSGSEND = YES;
				GCC_C_LANGUAGE_STANDARD = gnu11;
				GCC_NO_COMMON_BLOCKS = YES;
				GCC_WARN_64_TO_32_BIT_CONVERSION = YES;
				GCC_WARN_ABOUT_RETURN_TYPE = YES_ERROR;
				GCC_WARN_UNDECLARED_SELECTOR = YES;
				GCC_WARN_UNINITIALIZED_AUTOS = YES_AGGRESSIVE;
				GCC_WARN_UNUSED_FUNCTION = YES;
				GCC_WARN_UNUSED_VARIABLE = YES;
				IPHONEOS_DEPLOYMENT_TARGET = 14.2;
				MTL_ENABLE_DEBUG_INFO = NO;
				MTL_FAST_MATH = YES;
				SDKROOT = iphoneos;
				SWIFT_COMPILATION_MODE = wholemodule;
				SWIFT_OPTIMIZATION_LEVEL = "-O";
				VALIDATE_PRODUCT = YES;
			};
			name = Release;
		};
		A133160125767EFE002DA1A3 /* Debug */ = {
			isa = XCBuildConfiguration;
			buildSettings = {
				ASSETCATALOG_COMPILER_APPICON_NAME = AppIcon;
				ASSETCATALOG_COMPILER_GLOBAL_ACCENT_COLOR_NAME = AccentColor;
				CODE_SIGN_STYLE = Automatic;
				INFOPLIST_FILE = ButterflyOrders/Info.plist;
				LD_RUNPATH_SEARCH_PATHS = (
					"$(inherited)",
					"@executable_path/Frameworks",
				);
				PRODUCT_BUNDLE_IDENTIFIER = com.cristina.ButterflyOrders;
				PRODUCT_NAME = "$(TARGET_NAME)";
				SWIFT_VERSION = 5.0;
				TARGETED_DEVICE_FAMILY = "1,2";
			};
			name = Debug;
		};
		A133160225767EFE002DA1A3 /* Release */ = {
			isa = XCBuildConfiguration;
			buildSettings = {
				ASSETCATALOG_COMPILER_APPICON_NAME = AppIcon;
				ASSETCATALOG_COMPILER_GLOBAL_ACCENT_COLOR_NAME = AccentColor;
				CODE_SIGN_STYLE = Automatic;
				INFOPLIST_FILE = ButterflyOrders/Info.plist;
				LD_RUNPATH_SEARCH_PATHS = (
					"$(inherited)",
					"@executable_path/Frameworks",
				);
				PRODUCT_BUNDLE_IDENTIFIER = com.cristina.ButterflyOrders;
				PRODUCT_NAME = "$(TARGET_NAME)";
				SWIFT_VERSION = 5.0;
				TARGETED_DEVICE_FAMILY = "1,2";
			};
			name = Release;
		};
		A133160425767EFE002DA1A3 /* Debug */ = {
			isa = XCBuildConfiguration;
			buildSettings = {
				ALWAYS_EMBED_SWIFT_STANDARD_LIBRARIES = YES;
				BUNDLE_LOADER = "$(TEST_HOST)";
				CODE_SIGN_STYLE = Automatic;
				INFOPLIST_FILE = ButterflyOrdersTests/Info.plist;
				IPHONEOS_DEPLOYMENT_TARGET = 14.2;
				LD_RUNPATH_SEARCH_PATHS = (
					"$(inherited)",
					"@executable_path/Frameworks",
					"@loader_path/Frameworks",
				);
				PRODUCT_BUNDLE_IDENTIFIER = com.cristina.ButterflyOrdersTests;
				PRODUCT_NAME = "$(TARGET_NAME)";
				SWIFT_VERSION = 5.0;
				TARGETED_DEVICE_FAMILY = "1,2";
				TEST_HOST = "$(BUILT_PRODUCTS_DIR)/ButterflyOrders.app/ButterflyOrders";
			};
			name = Debug;
		};
		A133160525767EFE002DA1A3 /* Release */ = {
			isa = XCBuildConfiguration;
			buildSettings = {
				ALWAYS_EMBED_SWIFT_STANDARD_LIBRARIES = YES;
				BUNDLE_LOADER = "$(TEST_HOST)";
				CODE_SIGN_STYLE = Automatic;
				INFOPLIST_FILE = ButterflyOrdersTests/Info.plist;
				IPHONEOS_DEPLOYMENT_TARGET = 14.2;
				LD_RUNPATH_SEARCH_PATHS = (
					"$(inherited)",
					"@executable_path/Frameworks",
					"@loader_path/Frameworks",
				);
				PRODUCT_BUNDLE_IDENTIFIER = com.cristina.ButterflyOrdersTests;
				PRODUCT_NAME = "$(TARGET_NAME)";
				SWIFT_VERSION = 5.0;
				TARGETED_DEVICE_FAMILY = "1,2";
				TEST_HOST = "$(BUILT_PRODUCTS_DIR)/ButterflyOrders.app/ButterflyOrders";
			};
			name = Release;
		};
		A133160725767EFE002DA1A3 /* Debug */ = {
			isa = XCBuildConfiguration;
			buildSettings = {
				ALWAYS_EMBED_SWIFT_STANDARD_LIBRARIES = YES;
				CODE_SIGN_STYLE = Automatic;
				INFOPLIST_FILE = ButterflyOrdersUITests/Info.plist;
				LD_RUNPATH_SEARCH_PATHS = (
					"$(inherited)",
					"@executable_path/Frameworks",
					"@loader_path/Frameworks",
				);
				PRODUCT_BUNDLE_IDENTIFIER = com.cristina.ButterflyOrdersUITests;
				PRODUCT_NAME = "$(TARGET_NAME)";
				SWIFT_VERSION = 5.0;
				TARGETED_DEVICE_FAMILY = "1,2";
				TEST_TARGET_NAME = ButterflyOrders;
			};
			name = Debug;
		};
		A133160825767EFE002DA1A3 /* Release */ = {
			isa = XCBuildConfiguration;
			buildSettings = {
				ALWAYS_EMBED_SWIFT_STANDARD_LIBRARIES = YES;
				CODE_SIGN_STYLE = Automatic;
				INFOPLIST_FILE = ButterflyOrdersUITests/Info.plist;
				LD_RUNPATH_SEARCH_PATHS = (
					"$(inherited)",
					"@executable_path/Frameworks",
					"@loader_path/Frameworks",
				);
				PRODUCT_BUNDLE_IDENTIFIER = com.cristina.ButterflyOrdersUITests;
				PRODUCT_NAME = "$(TARGET_NAME)";
				SWIFT_VERSION = 5.0;
				TARGETED_DEVICE_FAMILY = "1,2";
				TEST_TARGET_NAME = ButterflyOrders;
			};
			name = Release;
		};
/* End XCBuildConfiguration section */

/* Begin XCConfigurationList section */
		A13315CE25767EFC002DA1A3 /* Build configuration list for PBXProject "ButterflyOrders" */ = {
			isa = XCConfigurationList;
			buildConfigurations = (
				A13315FE25767EFE002DA1A3 /* Debug */,
				A13315FF25767EFE002DA1A3 /* Release */,
			);
			defaultConfigurationIsVisible = 0;
			defaultConfigurationName = Release;
		};
		A133160025767EFE002DA1A3 /* Build configuration list for PBXNativeTarget "ButterflyOrders" */ = {
			isa = XCConfigurationList;
			buildConfigurations = (
				A133160125767EFE002DA1A3 /* Debug */,
				A133160225767EFE002DA1A3 /* Release */,
			);
			defaultConfigurationIsVisible = 0;
			defaultConfigurationName = Release;
		};
		A133160325767EFE002DA1A3 /* Build configuration list for PBXNativeTarget "ButterflyOrdersTests" */ = {
			isa = XCConfigurationList;
			buildConfigurations = (
				A133160425767EFE002DA1A3 /* Debug */,
				A133160525767EFE002DA1A3 /* Release */,
			);
			defaultConfigurationIsVisible = 0;
			defaultConfigurationName = Release;
		};
		A133160625767EFE002DA1A3 /* Build configuration list for PBXNativeTarget "ButterflyOrdersUITests" */ = {
			isa = XCConfigurationList;
			buildConfigurations = (
				A133160725767EFE002DA1A3 /* Debug */,
				A133160825767EFE002DA1A3 /* Release */,
			);
			defaultConfigurationIsVisible = 0;
			defaultConfigurationName = Release;
		};
/* End XCConfigurationList section */

/* Begin XCVersionGroup section */
		A13315DF25767EFC002DA1A3 /* ButterflyOrders.xcdatamodeld */ = {
			isa = XCVersionGroup;
			children = (
				A13315E025767EFC002DA1A3 /* ButterflyOrders.xcdatamodel */,
			);
			currentVersion = A13315E025767EFC002DA1A3 /* ButterflyOrders.xcdatamodel */;
			path = ButterflyOrders.xcdatamodeld;
			sourceTree = "<group>";
			versionGroupType = wrapper.xcdatamodel;
		};
/* End XCVersionGroup section */
	};
	rootObject = A13315CB25767EFC002DA1A3 /* Project object */;
}
